
Microsoft Visual Studio Solution File, Format Version 12.00
# Visual Studio 15
VisualStudioVersion = 15.0.26730.16
MinimumVisualStudioVersion = 10.0.40219.1
Project("{FAE04EC0-301F-11D3-BF4B-00C04F79EFBC}") = "CapBuilder", "CapBuilder\CapBuilder.csproj", "{18262876-CB34-43F5-A871-6A3442BAEFDD}"
EndProject
Global
	GlobalSection(SolutionConfigurationPlatforms) = preSolution
		Debug|Any CPU = Debug|Any CPU
		Release|Any CPU = Release|Any CPU
	EndGlobalSection
	GlobalSection(ProjectConfigurationPlatforms) = postSolution
		{18262876-CB34-43F5-A871-6A3442BAEFDD}.Debug|Any CPU.ActiveCfg = Debug|Any CPU
		{18262876-CB34-43F5-A871-6A3442BAEFDD}.Debug|Any CPU.Build.0 = Debug|Any CPU
		{18262876-CB34-43F5-A871-6A3442BAEFDD}.Release|Any CPU.ActiveCfg = Release|Any CPU
		{18262876-CB34-43F5-A871-6A3442BAEFDD}.Release|Any CPU.Build.0 = Release|Any CPU
	EndGlobalSection
	GlobalSection(SolutionProperties) = preSolution
		HideSolutionNode = FALSE
	EndGlobalSection
	GlobalSection(ExtensibilityGlobals) = postSolution
		SolutionGuid = {E1526328-00BB-4D40-A84C-395995D5F79C}
	EndGlobalSection
EndGlobal
